// !$*UTF8*$!
{
	archiveVersion = 1;
	classes = {
	};
	objectVersion = 55;
	objects = {

/* Begin PBXBuildFile section */
		01FC730A0CC29C61C22A57B0 /* Pods_Parstagram_ParstagramUITests.framework in Frameworks */ = {isa = PBXBuildFile; fileRef = F47D0034858C53FAE12E2965 /* Pods_Parstagram_ParstagramUITests.framework */; };
		58DF2A5E38314F74D5691138 /* Pods_Parstagram.framework in Frameworks */ = {isa = PBXBuildFile; fileRef = C96F34AF3FD7CF9185C1B60C /* Pods_Parstagram.framework */; };
		846B46A427EEB96B00EE53B4 /* AppDelegate.swift in Sources */ = {isa = PBXBuildFile; fileRef = 846B46A327EEB96B00EE53B4 /* AppDelegate.swift */; };
		846B46A627EEB96B00EE53B4 /* SceneDelegate.swift in Sources */ = {isa = PBXBuildFile; fileRef = 846B46A527EEB96B00EE53B4 /* SceneDelegate.swift */; };
		846B46A827EEB96B00EE53B4 /* ViewController.swift in Sources */ = {isa = PBXBuildFile; fileRef = 846B46A727EEB96B00EE53B4 /* ViewController.swift */; };
		846B46AB27EEB96B00EE53B4 /* Main.storyboard in Resources */ = {isa = PBXBuildFile; fileRef = 846B46A927EEB96B00EE53B4 /* Main.storyboard */; };
		846B46AD27EEB96D00EE53B4 /* Assets.xcassets in Resources */ = {isa = PBXBuildFile; fileRef = 846B46AC27EEB96D00EE53B4 /* Assets.xcassets */; };
		846B46B027EEB96D00EE53B4 /* LaunchScreen.storyboard in Resources */ = {isa = PBXBuildFile; fileRef = 846B46AE27EEB96D00EE53B4 /* LaunchScreen.storyboard */; };
		846B46BB27EEB96D00EE53B4 /* ParstagramTests.swift in Sources */ = {isa = PBXBuildFile; fileRef = 846B46BA27EEB96D00EE53B4 /* ParstagramTests.swift */; };
		846B46C527EEB96E00EE53B4 /* ParstagramUITests.swift in Sources */ = {isa = PBXBuildFile; fileRef = 846B46C427EEB96E00EE53B4 /* ParstagramUITests.swift */; };
		846B46C727EEB96E00EE53B4 /* ParstagramUITestsLaunchTests.swift in Sources */ = {isa = PBXBuildFile; fileRef = 846B46C627EEB96E00EE53B4 /* ParstagramUITestsLaunchTests.swift */; };
		846B46D427EEC21100EE53B4 /* LoginViewController.swift in Sources */ = {isa = PBXBuildFile; fileRef = 846B46D327EEC21100EE53B4 /* LoginViewController.swift */; };
		846B46D627EEC21F00EE53B4 /* FeedViewController.swift in Sources */ = {isa = PBXBuildFile; fileRef = 846B46D527EEC21F00EE53B4 /* FeedViewController.swift */; };
		846B46D827EECFF600EE53B4 /* CameraViewController.swift in Sources */ = {isa = PBXBuildFile; fileRef = 846B46D727EECFF600EE53B4 /* CameraViewController.swift */; };
		84DD529827EEDA1D001FDE75 /* PostCell.swift in Sources */ = {isa = PBXBuildFile; fileRef = 84DD529727EEDA1D001FDE75 /* PostCell.swift */; };
		A3A72006EC67361F9F76538E /* Pods_ParstagramTests.framework in Frameworks */ = {isa = PBXBuildFile; fileRef = F54111A0158A4478F9E30908 /* Pods_ParstagramTests.framework */; };
/* End PBXBuildFile section */

/* Begin PBXContainerItemProxy section */
		846B46B727EEB96D00EE53B4 /* PBXContainerItemProxy */ = {
			isa = PBXContainerItemProxy;
			containerPortal = 846B469827EEB96B00EE53B4 /* Project object */;
			proxyType = 1;
			remoteGlobalIDString = 846B469F27EEB96B00EE53B4;
			remoteInfo = Parstagram;
		};
		846B46C127EEB96E00EE53B4 /* PBXContainerItemProxy */ = {
			isa = PBXContainerItemProxy;
			containerPortal = 846B469827EEB96B00EE53B4 /* Project object */;
			proxyType = 1;
			remoteGlobalIDString = 846B469F27EEB96B00EE53B4;
			remoteInfo = Parstagram;
		};
/* End PBXContainerItemProxy section */

/* Begin PBXFileReference section */
		6BA5C60FAB90BF7A03DEF959 /* Pods-Parstagram.release.xcconfig */ = {isa = PBXFileReference; includeInIndex = 1; lastKnownFileType = text.xcconfig; name = "Pods-Parstagram.release.xcconfig"; path = "Target Support Files/Pods-Parstagram/Pods-Parstagram.release.xcconfig"; sourceTree = "<group>"; };
		846B46A027EEB96B00EE53B4 /* Parstagram.app */ = {isa = PBXFileReference; explicitFileType = wrapper.application; includeInIndex = 0; path = Parstagram.app; sourceTree = BUILT_PRODUCTS_DIR; };
		846B46A327EEB96B00EE53B4 /* AppDelegate.swift */ = {isa = PBXFileReference; lastKnownFileType = sourcecode.swift; path = AppDelegate.swift; sourceTree = "<group>"; };
		846B46A527EEB96B00EE53B4 /* SceneDelegate.swift */ = {isa = PBXFileReference; lastKnownFileType = sourcecode.swift; path = SceneDelegate.swift; sourceTree = "<group>"; };
		846B46A727EEB96B00EE53B4 /* ViewController.swift */ = {isa = PBXFileReference; lastKnownFileType = sourcecode.swift; path = ViewController.swift; sourceTree = "<group>"; };
		846B46AA27EEB96B00EE53B4 /* Base */ = {isa = PBXFileReference; lastKnownFileType = file.storyboard; name = Base; path = Base.lproj/Main.storyboard; sourceTree = "<group>"; };
		846B46AC27EEB96D00EE53B4 /* Assets.xcassets */ = {isa = PBXFileReference; lastKnownFileType = folder.assetcatalog; path = Assets.xcassets; sourceTree = "<group>"; };
		846B46AF27EEB96D00EE53B4 /* Base */ = {isa = PBXFileReference; lastKnownFileType = file.storyboard; name = Base; path = Base.lproj/LaunchScreen.storyboard; sourceTree = "<group>"; };
		846B46B127EEB96D00EE53B4 /* Info.plist */ = {isa = PBXFileReference; lastKnownFileType = text.plist.xml; path = Info.plist; sourceTree = "<group>"; };
		846B46B627EEB96D00EE53B4 /* ParstagramTests.xctest */ = {isa = PBXFileReference; explicitFileType = wrapper.cfbundle; includeInIndex = 0; path = ParstagramTests.xctest; sourceTree = BUILT_PRODUCTS_DIR; };
		846B46BA27EEB96D00EE53B4 /* ParstagramTests.swift */ = {isa = PBXFileReference; lastKnownFileType = sourcecode.swift; path = ParstagramTests.swift; sourceTree = "<group>"; };
		846B46C027EEB96D00EE53B4 /* ParstagramUITests.xctest */ = {isa = PBXFileReference; explicitFileType = wrapper.cfbundle; includeInIndex = 0; path = ParstagramUITests.xctest; sourceTree = BUILT_PRODUCTS_DIR; };
		846B46C427EEB96E00EE53B4 /* ParstagramUITests.swift */ = {isa = PBXFileReference; lastKnownFileType = sourcecode.swift; path = ParstagramUITests.swift; sourceTree = "<group>"; };
		846B46C627EEB96E00EE53B4 /* ParstagramUITestsLaunchTests.swift */ = {isa = PBXFileReference; lastKnownFileType = sourcecode.swift; path = ParstagramUITestsLaunchTests.swift; sourceTree = "<group>"; };
		846B46D327EEC21100EE53B4 /* LoginViewController.swift */ = {isa = PBXFileReference; lastKnownFileType = sourcecode.swift; path = LoginViewController.swift; sourceTree = "<group>"; };
		846B46D527EEC21F00EE53B4 /* FeedViewController.swift */ = {isa = PBXFileReference; lastKnownFileType = sourcecode.swift; path = FeedViewController.swift; sourceTree = "<group>"; };
		846B46D727EECFF600EE53B4 /* CameraViewController.swift */ = {isa = PBXFileReference; lastKnownFileType = sourcecode.swift; path = CameraViewController.swift; sourceTree = "<group>"; };
		84DD529727EEDA1D001FDE75 /* PostCell.swift */ = {isa = PBXFileReference; fileEncoding = 4; lastKnownFileType = sourcecode.swift; path = PostCell.swift; sourceTree = "<group>"; };
		938404F9DD717E75CC34DFB9 /* Pods-ParstagramTests.debug.xcconfig */ = {isa = PBXFileReference; includeInIndex = 1; lastKnownFileType = text.xcconfig; name = "Pods-ParstagramTests.debug.xcconfig"; path = "Target Support Files/Pods-ParstagramTests/Pods-ParstagramTests.debug.xcconfig"; sourceTree = "<group>"; };
		A03DCBB30E37565A282016A5 /* Pods-Parstagram-ParstagramUITests.release.xcconfig */ = {isa = PBXFileReference; includeInIndex = 1; lastKnownFileType = text.xcconfig; name = "Pods-Parstagram-ParstagramUITests.release.xcconfig"; path = "Target Support Files/Pods-Parstagram-ParstagramUITests/Pods-Parstagram-ParstagramUITests.release.xcconfig"; sourceTree = "<group>"; };
		BF3A2182C8D485C5AC6448BE /* Pods-Parstagram-ParstagramUITests.debug.xcconfig */ = {isa = PBXFileReference; includeInIndex = 1; lastKnownFileType = text.xcconfig; name = "Pods-Parstagram-ParstagramUITests.debug.xcconfig"; path = "Target Support Files/Pods-Parstagram-ParstagramUITests/Pods-Parstagram-ParstagramUITests.debug.xcconfig"; sourceTree = "<group>"; };
		C96F34AF3FD7CF9185C1B60C /* Pods_Parstagram.framework */ = {isa = PBXFileReference; explicitFileType = wrapper.framework; includeInIndex = 0; path = Pods_Parstagram.framework; sourceTree = BUILT_PRODUCTS_DIR; };
		D5A6845ADB808820FCDC9A7F /* Pods-Parstagram.debug.xcconfig */ = {isa = PBXFileReference; includeInIndex = 1; lastKnownFileType = text.xcconfig; name = "Pods-Parstagram.debug.xcconfig"; path = "Target Support Files/Pods-Parstagram/Pods-Parstagram.debug.xcconfig"; sourceTree = "<group>"; };
		EBCFDBF4D4B3A42A866BC162 /* Pods-ParstagramTests.release.xcconfig */ = {isa = PBXFileReference; includeInIndex = 1; lastKnownFileType = text.xcconfig; name = "Pods-ParstagramTests.release.xcconfig"; path = "Target Support Files/Pods-ParstagramTests/Pods-ParstagramTests.release.xcconfig"; sourceTree = "<group>"; };
		F47D0034858C53FAE12E2965 /* Pods_Parstagram_ParstagramUITests.framework */ = {isa = PBXFileReference; explicitFileType = wrapper.framework; includeInIndex = 0; path = Pods_Parstagram_ParstagramUITests.framework; sourceTree = BUILT_PRODUCTS_DIR; };
		F54111A0158A4478F9E30908 /* Pods_ParstagramTests.framework */ = {isa = PBXFileReference; explicitFileType = wrapper.framework; includeInIndex = 0; path = Pods_ParstagramTests.framework; sourceTree = BUILT_PRODUCTS_DIR; };
/* End PBXFileReference section */

/* Begin PBXFrameworksBuildPhase section */
		846B469D27EEB96B00EE53B4 /* Frameworks */ = {
			isa = PBXFrameworksBuildPhase;
			buildActionMask = 2147483647;
			files = (
				58DF2A5E38314F74D5691138 /* Pods_Parstagram.framework in Frameworks */,
			);
			runOnlyForDeploymentPostprocessing = 0;
		};
		846B46B327EEB96D00EE53B4 /* Frameworks */ = {
			isa = PBXFrameworksBuildPhase;
			buildActionMask = 2147483647;
			files = (
				A3A72006EC67361F9F76538E /* Pods_ParstagramTests.framework in Frameworks */,
			);
			runOnlyForDeploymentPostprocessing = 0;
		};
		846B46BD27EEB96D00EE53B4 /* Frameworks */ = {
			isa = PBXFrameworksBuildPhase;
			buildActionMask = 2147483647;
			files = (
				01FC730A0CC29C61C22A57B0 /* Pods_Parstagram_ParstagramUITests.framework in Frameworks */,
			);
			runOnlyForDeploymentPostprocessing = 0;
		};
/* End PBXFrameworksBuildPhase section */

/* Begin PBXGroup section */
		1E28503459620E5BB8709664 /* Pods */ = {
			isa = PBXGroup;
			children = (
				D5A6845ADB808820FCDC9A7F /* Pods-Parstagram.debug.xcconfig */,
				6BA5C60FAB90BF7A03DEF959 /* Pods-Parstagram.release.xcconfig */,
				BF3A2182C8D485C5AC6448BE /* Pods-Parstagram-ParstagramUITests.debug.xcconfig */,
				A03DCBB30E37565A282016A5 /* Pods-Parstagram-ParstagramUITests.release.xcconfig */,
				938404F9DD717E75CC34DFB9 /* Pods-ParstagramTests.debug.xcconfig */,
				EBCFDBF4D4B3A42A866BC162 /* Pods-ParstagramTests.release.xcconfig */,
			);
			path = Pods;
			sourceTree = "<group>";
		};
		846B469727EEB96B00EE53B4 = {
			isa = PBXGroup;
			children = (
				846B46A227EEB96B00EE53B4 /* Parstagram */,
				846B46B927EEB96D00EE53B4 /* ParstagramTests */,
				846B46C327EEB96E00EE53B4 /* ParstagramUITests */,
				846B46A127EEB96B00EE53B4 /* Products */,
				1E28503459620E5BB8709664 /* Pods */,
				9A1DC7AAE145C190772204F8 /* Frameworks */,
			);
			sourceTree = "<group>";
		};
		846B46A127EEB96B00EE53B4 /* Products */ = {
			isa = PBXGroup;
			children = (
				846B46A027EEB96B00EE53B4 /* Parstagram.app */,
				846B46B627EEB96D00EE53B4 /* ParstagramTests.xctest */,
				846B46C027EEB96D00EE53B4 /* ParstagramUITests.xctest */,
			);
			name = Products;
			sourceTree = "<group>";
		};
		846B46A227EEB96B00EE53B4 /* Parstagram */ = {
			isa = PBXGroup;
			children = (
				84DD529727EEDA1D001FDE75 /* PostCell.swift */,
				846B46D727EECFF600EE53B4 /* CameraViewController.swift */,
				846B46A327EEB96B00EE53B4 /* AppDelegate.swift */,
				846B46A527EEB96B00EE53B4 /* SceneDelegate.swift */,
				846B46A727EEB96B00EE53B4 /* ViewController.swift */,
				846B46A927EEB96B00EE53B4 /* Main.storyboard */,
				846B46D327EEC21100EE53B4 /* LoginViewController.swift */,
				846B46D527EEC21F00EE53B4 /* FeedViewController.swift */,
				846B46AC27EEB96D00EE53B4 /* Assets.xcassets */,
				846B46AE27EEB96D00EE53B4 /* LaunchScreen.storyboard */,
				846B46B127EEB96D00EE53B4 /* Info.plist */,
			);
			path = Parstagram;
			sourceTree = "<group>";
		};
		846B46B927EEB96D00EE53B4 /* ParstagramTests */ = {
			isa = PBXGroup;
			children = (
				846B46BA27EEB96D00EE53B4 /* ParstagramTests.swift */,
			);
			path = ParstagramTests;
			sourceTree = "<group>";
		};
		846B46C327EEB96E00EE53B4 /* ParstagramUITests */ = {
			isa = PBXGroup;
			children = (
				846B46C427EEB96E00EE53B4 /* ParstagramUITests.swift */,
				846B46C627EEB96E00EE53B4 /* ParstagramUITestsLaunchTests.swift */,
			);
			path = ParstagramUITests;
			sourceTree = "<group>";
		};
		9A1DC7AAE145C190772204F8 /* Frameworks */ = {
			isa = PBXGroup;
			children = (
				C96F34AF3FD7CF9185C1B60C /* Pods_Parstagram.framework */,
				F47D0034858C53FAE12E2965 /* Pods_Parstagram_ParstagramUITests.framework */,
				F54111A0158A4478F9E30908 /* Pods_ParstagramTests.framework */,
			);
			name = Frameworks;
			sourceTree = "<group>";
		};
/* End PBXGroup section */

/* Begin PBXNativeTarget section */
		846B469F27EEB96B00EE53B4 /* Parstagram */ = {
			isa = PBXNativeTarget;
			buildConfigurationList = 846B46CA27EEB96E00EE53B4 /* Build configuration list for PBXNativeTarget "Parstagram" */;
			buildPhases = (
				93D1235352D27700650B2720 /* [CP] Check Pods Manifest.lock */,
				846B469C27EEB96B00EE53B4 /* Sources */,
				846B469D27EEB96B00EE53B4 /* Frameworks */,
				846B469E27EEB96B00EE53B4 /* Resources */,
				429F8969149C3C2F4CCC04A4 /* [CP] Embed Pods Frameworks */,
			);
			buildRules = (
			);
			dependencies = (
			);
			name = Parstagram;
			productName = Parstagram;
			productReference = 846B46A027EEB96B00EE53B4 /* Parstagram.app */;
			productType = "com.apple.product-type.application";
		};
		846B46B527EEB96D00EE53B4 /* ParstagramTests */ = {
			isa = PBXNativeTarget;
			buildConfigurationList = 846B46CD27EEB96E00EE53B4 /* Build configuration list for PBXNativeTarget "ParstagramTests" */;
			buildPhases = (
				EE43C0E2619BA3DEA9130A5D /* [CP] Check Pods Manifest.lock */,
				846B46B227EEB96D00EE53B4 /* Sources */,
				846B46B327EEB96D00EE53B4 /* Frameworks */,
				846B46B427EEB96D00EE53B4 /* Resources */,
			);
			buildRules = (
			);
			dependencies = (
				846B46B827EEB96D00EE53B4 /* PBXTargetDependency */,
			);
			name = ParstagramTests;
			productName = ParstagramTests;
			productReference = 846B46B627EEB96D00EE53B4 /* ParstagramTests.xctest */;
			productType = "com.apple.product-type.bundle.unit-test";
		};
		846B46BF27EEB96D00EE53B4 /* ParstagramUITests */ = {
			isa = PBXNativeTarget;
			buildConfigurationList = 846B46D027EEB96E00EE53B4 /* Build configuration list for PBXNativeTarget "ParstagramUITests" */;
			buildPhases = (
				ADDD3BFFAD8D6A78028710B5 /* [CP] Check Pods Manifest.lock */,
				846B46BC27EEB96D00EE53B4 /* Sources */,
				846B46BD27EEB96D00EE53B4 /* Frameworks */,
				846B46BE27EEB96D00EE53B4 /* Resources */,
				DF8FBCBCEBCCE9E5C5753DB1 /* [CP] Embed Pods Frameworks */,
			);
			buildRules = (
			);
			dependencies = (
				846B46C227EEB96E00EE53B4 /* PBXTargetDependency */,
			);
			name = ParstagramUITests;
			productName = ParstagramUITests;
			productReference = 846B46C027EEB96D00EE53B4 /* ParstagramUITests.xctest */;
			productType = "com.apple.product-type.bundle.ui-testing";
		};
/* End PBXNativeTarget section */

/* Begin PBXProject section */
		846B469827EEB96B00EE53B4 /* Project object */ = {
			isa = PBXProject;
			attributes = {
				BuildIndependentTargetsInParallel = 1;
				LastSwiftUpdateCheck = 1320;
				LastUpgradeCheck = 1320;
				TargetAttributes = {
					846B469F27EEB96B00EE53B4 = {
						CreatedOnToolsVersion = 13.2.1;
					};
					846B46B527EEB96D00EE53B4 = {
						CreatedOnToolsVersion = 13.2.1;
						TestTargetID = 846B469F27EEB96B00EE53B4;
					};
					846B46BF27EEB96D00EE53B4 = {
						CreatedOnToolsVersion = 13.2.1;
						TestTargetID = 846B469F27EEB96B00EE53B4;
					};
				};
			};
			buildConfigurationList = 846B469B27EEB96B00EE53B4 /* Build configuration list for PBXProject "Parstagram" */;
			compatibilityVersion = "Xcode 13.0";
			developmentRegion = en;
			hasScannedForEncodings = 0;
			knownRegions = (
				en,
				Base,
			);
			mainGroup = 846B469727EEB96B00EE53B4;
			productRefGroup = 846B46A127EEB96B00EE53B4 /* Products */;
			projectDirPath = "";
			projectRoot = "";
			targets = (
				846B469F27EEB96B00EE53B4 /* Parstagram */,
				846B46B527EEB96D00EE53B4 /* ParstagramTests */,
				846B46BF27EEB96D00EE53B4 /* ParstagramUITests */,
			);
		};
/* End PBXProject section */

/* Begin PBXResourcesBuildPhase section */
		846B469E27EEB96B00EE53B4 /* Resources */ = {
			isa = PBXResourcesBuildPhase;
			buildActionMask = 2147483647;
			files = (
				846B46B027EEB96D00EE53B4 /* LaunchScreen.storyboard in Resources */,
				846B46AD27EEB96D00EE53B4 /* Assets.xcassets in Resources */,
				846B46AB27EEB96B00EE53B4 /* Main.storyboard in Resources */,
			);
			runOnlyForDeploymentPostprocessing = 0;
		};
		846B46B427EEB96D00EE53B4 /* Resources */ = {
			isa = PBXResourcesBuildPhase;
			buildActionMask = 2147483647;
			files = (
			);
			runOnlyForDeploymentPostprocessing = 0;
		};
		846B46BE27EEB96D00EE53B4 /* Resources */ = {
			isa = PBXResourcesBuildPhase;
			buildActionMask = 2147483647;
			files = (
			);
			runOnlyForDeploymentPostprocessing = 0;
		};
/* End PBXResourcesBuildPhase section */

/* Begin PBXShellScriptBuildPhase section */
		429F8969149C3C2F4CCC04A4 /* [CP] Embed Pods Frameworks */ = {
			isa = PBXShellScriptBuildPhase;
			buildActionMask = 2147483647;
			files = (
			);
			inputFileListPaths = (
				"${PODS_ROOT}/Target Support Files/Pods-Parstagram/Pods-Parstagram-frameworks-${CONFIGURATION}-input-files.xcfilelist",
			);
			name = "[CP] Embed Pods Frameworks";
			outputFileListPaths = (
				"${PODS_ROOT}/Target Support Files/Pods-Parstagram/Pods-Parstagram-frameworks-${CONFIGURATION}-output-files.xcfilelist",
			);
			runOnlyForDeploymentPostprocessing = 0;
			shellPath = /bin/sh;
			shellScript = "\"${PODS_ROOT}/Target Support Files/Pods-Parstagram/Pods-Parstagram-frameworks.sh\"\n";
			showEnvVarsInLog = 0;
		};
		93D1235352D27700650B2720 /* [CP] Check Pods Manifest.lock */ = {
			isa = PBXShellScriptBuildPhase;
			buildActionMask = 2147483647;
			files = (
			);
			inputFileListPaths = (
			);
			inputPaths = (
				"${PODS_PODFILE_DIR_PATH}/Podfile.lock",
				"${PODS_ROOT}/Manifest.lock",
			);
			name = "[CP] Check Pods Manifest.lock";
			outputFileListPaths = (
			);
			outputPaths = (
				"$(DERIVED_FILE_DIR)/Pods-Parstagram-checkManifestLockResult.txt",
			);
			runOnlyForDeploymentPostprocessing = 0;
			shellPath = /bin/sh;
			shellScript = "diff \"${PODS_PODFILE_DIR_PATH}/Podfile.lock\" \"${PODS_ROOT}/Manifest.lock\" > /dev/null\nif [ $? != 0 ] ; then\n    # print error to STDERR\n    echo \"error: The sandbox is not in sync with the Podfile.lock. Run 'pod install' or update your CocoaPods installation.\" >&2\n    exit 1\nfi\n# This output is used by Xcode 'outputs' to avoid re-running this script phase.\necho \"SUCCESS\" > \"${SCRIPT_OUTPUT_FILE_0}\"\n";
			showEnvVarsInLog = 0;
		};
		ADDD3BFFAD8D6A78028710B5 /* [CP] Check Pods Manifest.lock */ = {
			isa = PBXShellScriptBuildPhase;
			buildActionMask = 2147483647;
			files = (
			);
			inputFileListPaths = (
			);
			inputPaths = (
				"${PODS_PODFILE_DIR_PATH}/Podfile.lock",
				"${PODS_ROOT}/Manifest.lock",
			);
			name = "[CP] Check Pods Manifest.lock";
			outputFileListPaths = (
			);
			outputPaths = (
				"$(DERIVED_FILE_DIR)/Pods-Parstagram-ParstagramUITests-checkManifestLockResult.txt",
			);
			runOnlyForDeploymentPostprocessing = 0;
			shellPath = /bin/sh;
			shellScript = "diff \"${PODS_PODFILE_DIR_PATH}/Podfile.lock\" \"${PODS_ROOT}/Manifest.lock\" > /dev/null\nif [ $? != 0 ] ; then\n    # print error to STDERR\n    echo \"error: The sandbox is not in sync with the Podfile.lock. Run 'pod install' or update your CocoaPods installation.\" >&2\n    exit 1\nfi\n# This output is used by Xcode 'outputs' to avoid re-running this script phase.\necho \"SUCCESS\" > \"${SCRIPT_OUTPUT_FILE_0}\"\n";
			showEnvVarsInLog = 0;
		};
		DF8FBCBCEBCCE9E5C5753DB1 /* [CP] Embed Pods Frameworks */ = {
			isa = PBXShellScriptBuildPhase;
			buildActionMask = 2147483647;
			files = (
			);
			inputFileListPaths = (
				"${PODS_ROOT}/Target Support Files/Pods-Parstagram-ParstagramUITests/Pods-Parstagram-ParstagramUITests-frameworks-${CONFIGURATION}-input-files.xcfilelist",
			);
			name = "[CP] Embed Pods Frameworks";
			outputFileListPaths = (
				"${PODS_ROOT}/Target Support Files/Pods-Parstagram-ParstagramUITests/Pods-Parstagram-ParstagramUITests-frameworks-${CONFIGURATION}-output-files.xcfilelist",
			);
			runOnlyForDeploymentPostprocessing = 0;
			shellPath = /bin/sh;
			shellScript = "\"${PODS_ROOT}/Target Support Files/Pods-Parstagram-ParstagramUITests/Pods-Parstagram-ParstagramUITests-frameworks.sh\"\n";
			showEnvVarsInLog = 0;
		};
		EE43C0E2619BA3DEA9130A5D /* [CP] Check Pods Manifest.lock */ = {
			isa = PBXShellScriptBuildPhase;
			buildActionMask = 2147483647;
			files = (
			);
			inputFileListPaths = (
			);
			inputPaths = (
				"${PODS_PODFILE_DIR_PATH}/Podfile.lock",
				"${PODS_ROOT}/Manifest.lock",
			);
			name = "[CP] Check Pods Manifest.lock";
			outputFileListPaths = (
			);
			outputPaths = (
				"$(DERIVED_FILE_DIR)/Pods-ParstagramTests-checkManifestLockResult.txt",
			);
			runOnlyForDeploymentPostprocessing = 0;
			shellPath = /bin/sh;
			shellScript = "diff \"${PODS_PODFILE_DIR_PATH}/Podfile.lock\" \"${PODS_ROOT}/Manifest.lock\" > /dev/null\nif [ $? != 0 ] ; then\n    # print error to STDERR\n    echo \"error: The sandbox is not in sync with the Podfile.lock. Run 'pod install' or update your CocoaPods installation.\" >&2\n    exit 1\nfi\n# This output is used by Xcode 'outputs' to avoid re-running this script phase.\necho \"SUCCESS\" > \"${SCRIPT_OUTPUT_FILE_0}\"\n";
			showEnvVarsInLog = 0;
		};
/* End PBXShellScriptBuildPhase section */

/* Begin PBXSourcesBuildPhase section */
		846B469C27EEB96B00EE53B4 /* Sources */ = {
			isa = PBXSourcesBuildPhase;
			buildActionMask = 2147483647;
			files = (
				84DD529827EEDA1D001FDE75 /* PostCell.swift in Sources */,
				846B46D427EEC21100EE53B4 /* LoginViewController.swift in Sources */,
				846B46A827EEB96B00EE53B4 /* ViewController.swift in Sources */,
				846B46D627EEC21F00EE53B4 /* FeedViewController.swift in Sources */,
				846B46A427EEB96B00EE53B4 /* AppDelegate.swift in Sources */,
				846B46A627EEB96B00EE53B4 /* SceneDelegate.swift in Sources */,
				846B46D827EECFF600EE53B4 /* CameraViewController.swift in Sources */,
			);
			runOnlyForDeploymentPostprocessing = 0;
		};
		846B46B227EEB96D00EE53B4 /* Sources */ = {
			isa = PBXSourcesBuildPhase;
			buildActionMask = 2147483647;
			files = (
				846B46BB27EEB96D00EE53B4 /* ParstagramTests.swift in Sources */,
			);
			runOnlyForDeploymentPostprocessing = 0;
		};
		846B46BC27EEB96D00EE53B4 /* Sources */ = {
			isa = PBXSourcesBuildPhase;
			buildActionMask = 2147483647;
			files = (
				846B46C727EEB96E00EE53B4 /* ParstagramUITestsLaunchTests.swift in Sources */,
				846B46C527EEB96E00EE53B4 /* ParstagramUITests.swift in Sources */,
			);
			runOnlyForDeploymentPostprocessing = 0;
		};
/* End PBXSourcesBuildPhase section */

/* Begin PBXTargetDependency section */
		846B46B827EEB96D00EE53B4 /* PBXTargetDependency */ = {
			isa = PBXTargetDependency;
			target = 846B469F27EEB96B00EE53B4 /* Parstagram */;
			targetProxy = 846B46B727EEB96D00EE53B4 /* PBXContainerItemProxy */;
		};
		846B46C227EEB96E00EE53B4 /* PBXTargetDependency */ = {
			isa = PBXTargetDependency;
			target = 846B469F27EEB96B00EE53B4 /* Parstagram */;
			targetProxy = 846B46C127EEB96E00EE53B4 /* PBXContainerItemProxy */;
		};
/* End PBXTargetDependency section */

/* Begin PBXVariantGroup section */
		846B46A927EEB96B00EE53B4 /* Main.storyboard */ = {
			isa = PBXVariantGroup;
			children = (
				846B46AA27EEB96B00EE53B4 /* Base */,
			);
			name = Main.storyboard;
			sourceTree = "<group>";
		};
		846B46AE27EEB96D00EE53B4 /* LaunchScreen.storyboard */ = {
			isa = PBXVariantGroup;
			children = (
				846B46AF27EEB96D00EE53B4 /* Base */,
			);
			name = LaunchScreen.storyboard;
			sourceTree = "<group>";
		};
/* End PBXVariantGroup section */

/* Begin XCBuildConfiguration section */
		846B46C827EEB96E00EE53B4 /* Debug */ = {
			isa = XCBuildConfiguration;
			buildSettings = {
				ALWAYS_SEARCH_USER_PATHS = NO;
				CLANG_ANALYZER_NONNULL = YES;
				CLANG_ANALYZER_NUMBER_OBJECT_CONVERSION = YES_AGGRESSIVE;
				CLANG_CXX_LANGUAGE_STANDARD = "gnu++17";
				CLANG_CXX_LIBRARY = "libc++";
				CLANG_ENABLE_MODULES = YES;
				CLANG_ENABLE_OBJC_ARC = YES;
				CLANG_ENABLE_OBJC_WEAK = YES;
				CLANG_WARN_BLOCK_CAPTURE_AUTORELEASING = YES;
				CLANG_WARN_BOOL_CONVERSION = YES;
				CLANG_WARN_COMMA = YES;
				CLANG_WARN_CONSTANT_CONVERSION = YES;
				CLANG_WARN_DEPRECATED_OBJC_IMPLEMENTATIONS = YES;
				CLANG_WARN_DIRECT_OBJC_ISA_USAGE = YES_ERROR;
				CLANG_WARN_DOCUMENTATION_COMMENTS = YES;
				CLANG_WARN_EMPTY_BODY = YES;
				CLANG_WARN_ENUM_CONVERSION = YES;
				CLANG_WARN_INFINITE_RECURSION = YES;
				CLANG_WARN_INT_CONVERSION = YES;
				CLANG_WARN_NON_LITERAL_NULL_CONVERSION = YES;
				CLANG_WARN_OBJC_IMPLICIT_RETAIN_SELF = YES;
				CLANG_WARN_OBJC_LITERAL_CONVERSION = YES;
				CLANG_WARN_OBJC_ROOT_CLASS = YES_ERROR;
				CLANG_WARN_QUOTED_INCLUDE_IN_FRAMEWORK_HEADER = YES;
				CLANG_WARN_RANGE_LOOP_ANALYSIS = YES;
				CLANG_WARN_STRICT_PROTOTYPES = YES;
				CLANG_WARN_SUSPICIOUS_MOVE = YES;
				CLANG_WARN_UNGUARDED_AVAILABILITY = YES_AGGRESSIVE;
				CLANG_WARN_UNREACHABLE_CODE = YES;
				CLANG_WARN__DUPLICATE_METHOD_MATCH = YES;
				COPY_PHASE_STRIP = NO;
				DEBUG_INFORMATION_FORMAT = dwarf;
				ENABLE_STRICT_OBJC_MSGSEND = YES;
				ENABLE_TESTABILITY = YES;
				GCC_C_LANGUAGE_STANDARD = gnu11;
				GCC_DYNAMIC_NO_PIC = NO;
				GCC_NO_COMMON_BLOCKS = YES;
				GCC_OPTIMIZATION_LEVEL = 0;
				GCC_PREPROCESSOR_DEFINITIONS = (
					"DEBUG=1",
					"$(inherited)",
				);
				GCC_WARN_64_TO_32_BIT_CONVERSION = YES;
				GCC_WARN_ABOUT_RETURN_TYPE = YES_ERROR;
				GCC_WARN_UNDECLARED_SELECTOR = YES;
				GCC_WARN_UNINITIALIZED_AUTOS = YES_AGGRESSIVE;
				GCC_WARN_UNUSED_FUNCTION = YES;
				GCC_WARN_UNUSED_VARIABLE = YES;
				IPHONEOS_DEPLOYMENT_TARGET = 15.2;
				MTL_ENABLE_DEBUG_INFO = INCLUDE_SOURCE;
				MTL_FAST_MATH = YES;
				ONLY_ACTIVE_ARCH = YES;
				SDKROOT = iphoneos;
				SWIFT_ACTIVE_COMPILATION_CONDITIONS = DEBUG;
				SWIFT_OPTIMIZATION_LEVEL = "-Onone";
			};
			name = Debug;
		};
		846B46C927EEB96E00EE53B4 /* Release */ = {
			isa = XCBuildConfiguration;
			buildSettings = {
				ALWAYS_SEARCH_USER_PATHS = NO;
				CLANG_ANALYZER_NONNULL = YES;
				CLANG_ANALYZER_NUMBER_OBJECT_CONVERSION = YES_AGGRESSIVE;
				CLANG_CXX_LANGUAGE_STANDARD = "gnu++17";
				CLANG_CXX_LIBRARY = "libc++";
				CLANG_ENABLE_MODULES = YES;
				CLANG_ENABLE_OBJC_ARC = YES;
				CLANG_ENABLE_OBJC_WEAK = YES;
				CLANG_WARN_BLOCK_CAPTURE_AUTORELEASING = YES;
				CLANG_WARN_BOOL_CONVERSION = YES;
				CLANG_WARN_COMMA = YES;
				CLANG_WARN_CONSTANT_CONVERSION = YES;
				CLANG_WARN_DEPRECATED_OBJC_IMPLEMENTATIONS = YES;
				CLANG_WARN_DIRECT_OBJC_ISA_USAGE = YES_ERROR;
				CLANG_WARN_DOCUMENTATION_COMMENTS = YES;
				CLANG_WARN_EMPTY_BODY = YES;
				CLANG_WARN_ENUM_CONVERSION = YES;
				CLANG_WARN_INFINITE_RECURSION = YES;
				CLANG_WARN_INT_CONVERSION = YES;
				CLANG_WARN_NON_LITERAL_NULL_CONVERSION = YES;
				CLANG_WARN_OBJC_IMPLICIT_RETAIN_SELF = YES;
				CLANG_WARN_OBJC_LITERAL_CONVERSION = YES;
				CLANG_WARN_OBJC_ROOT_CLASS = YES_ERROR;
				CLANG_WARN_QUOTED_INCLUDE_IN_FRAMEWORK_HEADER = YES;
				CLANG_WARN_RANGE_LOOP_ANALYSIS = YES;
				CLANG_WARN_STRICT_PROTOTYPES = YES;
				CLANG_WARN_SUSPICIOUS_MOVE = YES;
				CLANG_WARN_UNGUARDED_AVAILABILITY = YES_AGGRESSIVE;
				CLANG_WARN_UNREACHABLE_CODE = YES;
				CLANG_WARN__DUPLICATE_METHOD_MATCH = YES;
				COPY_PHASE_STRIP = NO;
				DEBUG_INFORMATION_FORMAT = "dwarf-with-dsym";
				ENABLE_NS_ASSERTIONS = NO;
				ENABLE_STRICT_OBJC_MSGSEND = YES;
				GCC_C_LANGUAGE_STANDARD = gnu11;
				GCC_NO_COMMON_BLOCKS = YES;
				GCC_WARN_64_TO_32_BIT_CONVERSION = YES;
				GCC_WARN_ABOUT_RETURN_TYPE = YES_ERROR;
				GCC_WARN_UNDECLARED_SELECTOR = YES;
				GCC_WARN_UNINITIALIZED_AUTOS = YES_AGGRESSIVE;
				GCC_WARN_UNUSED_FUNCTION = YES;
				GCC_WARN_UNUSED_VARIABLE = YES;
				IPHONEOS_DEPLOYMENT_TARGET = 15.2;
				MTL_ENABLE_DEBUG_INFO = NO;
				MTL_FAST_MATH = YES;
				SDKROOT = iphoneos;
				SWIFT_COMPILATION_MODE = wholemodule;
				SWIFT_OPTIMIZATION_LEVEL = "-O";
				VALIDATE_PRODUCT = YES;
			};
			name = Release;
		};
		846B46CB27EEB96E00EE53B4 /* Debug */ = {
			isa = XCBuildConfiguration;
			baseConfigurationReference = D5A6845ADB808820FCDC9A7F /* Pods-Parstagram.debug.xcconfig */;
			buildSettings = {
				ASSETCATALOG_COMPILER_APPICON_NAME = AppIcon;
				ASSETCATALOG_COMPILER_GLOBAL_ACCENT_COLOR_NAME = AccentColor;
				CODE_SIGN_STYLE = Automatic;
				CURRENT_PROJECT_VERSION = 1;
				DEVELOPMENT_TEAM = 6D6Y68D963;
				GENERATE_INFOPLIST_FILE = YES;
				INFOPLIST_FILE = Parstagram/Info.plist;
				INFOPLIST_KEY_UIApplicationSupportsIndirectInputEvents = YES;
				INFOPLIST_KEY_UILaunchStoryboardName = LaunchScreen;
				INFOPLIST_KEY_UIMainStoryboardFile = Main;
				INFOPLIST_KEY_UISupportedInterfaceOrientations_iPad = "UIInterfaceOrientationPortrait UIInterfaceOrientationPortraitUpsideDown UIInterfaceOrientationLandscapeLeft UIInterfaceOrientationLandscapeRight";
				INFOPLIST_KEY_UISupportedInterfaceOrientations_iPhone = "UIInterfaceOrientationPortrait UIInterfaceOrientationLandscapeLeft UIInterfaceOrientationLandscapeRight";
				LD_RUNPATH_SEARCH_PATHS = (
					"$(inherited)",
					"@executable_path/Frameworks",
				);
				MARKETING_VERSION = 1.0;
				PRODUCT_BUNDLE_IDENTIFIER = com.rext.Parstagram;
				PRODUCT_NAME = "$(TARGET_NAME)";
				SWIFT_EMIT_LOC_STRINGS = YES;
				SWIFT_VERSION = 5.0;
				TARGETED_DEVICE_FAMILY = "1,2";
			};
			name = Debug;
		};
		846B46CC27EEB96E00EE53B4 /* Release */ = {
			isa = XCBuildConfiguration;
			baseConfigurationReference = 6BA5C60FAB90BF7A03DEF959 /* Pods-Parstagram.release.xcconfig */;
			buildSettings = {
				ASSETCATALOG_COMPILER_APPICON_NAME = AppIcon;
				ASSETCATALOG_COMPILER_GLOBAL_ACCENT_COLOR_NAME = AccentColor;
				CODE_SIGN_STYLE = Automatic;
				CURRENT_PROJECT_VERSION = 1;
				DEVELOPMENT_TEAM = 6D6Y68D963;
				GENERATE_INFOPLIST_FILE = YES;
				INFOPLIST_FILE = Parstagram/Info.plist;
				INFOPLIST_KEY_UIApplicationSupportsIndirectInputEvents = YES;
				INFOPLIST_KEY_UILaunchStoryboardName = LaunchScreen;
				INFOPLIST_KEY_UIMainStoryboardFile = Main;
				INFOPLIST_KEY_UISupportedInterfaceOrientations_iPad = "UIInterfaceOrientationPortrait UIInterfaceOrientationPortraitUpsideDown UIInterfaceOrientationLandscapeLeft UIInterfaceOrientationLandscapeRight";
				INFOPLIST_KEY_UISupportedInterfaceOrientations_iPhone = "UIInterfaceOrientationPortrait UIInterfaceOrientationLandscapeLeft UIInterfaceOrientationLandscapeRight";
				LD_RUNPATH_SEARCH_PATHS = (
					"$(inherited)",
					"@executable_path/Frameworks",
				);
				MARKETING_VERSION = 1.0;
				PRODUCT_BUNDLE_IDENTIFIER = com.rext.Parstagram;
				PRODUCT_NAME = "$(TARGET_NAME)";
				SWIFT_EMIT_LOC_STRINGS = YES;
				SWIFT_VERSION = 5.0;
				TARGETED_DEVICE_FAMILY = "1,2";
			};
			name = Release;
		};
		846B46CE27EEB96E00EE53B4 /* Debug */ = {
			isa = XCBuildConfiguration;
			baseConfigurationReference = 938404F9DD717E75CC34DFB9 /* Pods-ParstagramTests.debug.xcconfig */;
			buildSettings = {
				ALWAYS_EMBED_SWIFT_STANDARD_LIBRARIES = YES;
				BUNDLE_LOADER = "$(TEST_HOST)";
				CODE_SIGN_STYLE = Automatic;
				CURRENT_PROJECT_VERSION = 1;
				DEVELOPMENT_TEAM = 6D6Y68D963;
				GENERATE_INFOPLIST_FILE = YES;
				IPHONEOS_DEPLOYMENT_TARGET = 15.2;
				MARKETING_VERSION = 1.0;
				PRODUCT_BUNDLE_IDENTIFIER = com.rext.ParstagramTests;
				PRODUCT_NAME = "$(TARGET_NAME)";
				SWIFT_EMIT_LOC_STRINGS = NO;
				SWIFT_VERSION = 5.0;
				TARGETED_DEVICE_FAMILY = "1,2";
				TEST_HOST = "$(BUILT_PRODUCTS_DIR)/Parstagram.app/Parstagram";
			};
			name = Debug;
		};
		846B46CF27EEB96E00EE53B4 /* Release */ = {
			isa = XCBuildConfiguration;
			baseConfigurationReference = EBCFDBF4D4B3A42A866BC162 /* Pods-ParstagramTests.release.xcconfig */;
			buildSettings = {
				ALWAYS_EMBED_SWIFT_STANDARD_LIBRARIES = YES;
				BUNDLE_LOADER = "$(TEST_HOST)";
				CODE_SIGN_STYLE = Automatic;
				CURRENT_PROJECT_VERSION = 1;
				DEVELOPMENT_TEAM = 6D6Y68D963;
				GENERATE_INFOPLIST_FILE = YES;
				IPHONEOS_DEPLOYMENT_TARGET = 15.2;
				MARKETING_VERSION = 1.0;
				PRODUCT_BUNDLE_IDENTIFIER = com.rext.ParstagramTests;
				PRODUCT_NAME = "$(TARGET_NAME)";
				SWIFT_EMIT_LOC_STRINGS = NO;
				SWIFT_VERSION = 5.0;
				TARGETED_DEVICE_FAMILY = "1,2";
				TEST_HOST = "$(BUILT_PRODUCTS_DIR)/Parstagram.app/Parstagram";
			};
			name = Release;
		};
		846B46D127EEB96E00EE53B4 /* Debug */ = {
			isa = XCBuildConfiguration;
			baseConfigurationReference = BF3A2182C8D485C5AC6448BE /* Pods-Parstagram-ParstagramUITests.debug.xcconfig */;
			buildSettings = {
				ALWAYS_EMBED_SWIFT_STANDARD_LIBRARIES = YES;
				CODE_SIGN_STYLE = Automatic;
				CURRENT_PROJECT_VERSION = 1;
				DEVELOPMENT_TEAM = 6D6Y68D963;
				GENERATE_INFOPLIST_FILE = YES;
				MARKETING_VERSION = 1.0;
				PRODUCT_BUNDLE_IDENTIFIER = com.rext.ParstagramUITests;
				PRODUCT_NAME = "$(TARGET_NAME)";
				SWIFT_EMIT_LOC_STRINGS = NO;
				SWIFT_VERSION = 5.0;
				TARGETED_DEVICE_FAMILY = "1,2";
				TEST_TARGET_NAME = Parstagram;
			};
			name = Debug;
		};
		846B46D227EEB96E00EE53B4 /* Release */ = {
			isa = XCBuildConfiguration;
			baseConfigurationReference = A03DCBB30E37565A282016A5 /* Pods-Parstagram-ParstagramUITests.release.xcconfig */;
			buildSettings = {
				ALWAYS_EMBED_SWIFT_STANDARD_LIBRARIES = YES;
				CODE_SIGN_STYLE = Automatic;
				CURRENT_PROJECT_VERSION = 1;
				DEVELOPMENT_TEAM = 6D6Y68D963;
				GENERATE_INFOPLIST_FILE = YES;
				MARKETING_VERSION = 1.0;
				PRODUCT_BUNDLE_IDENTIFIER = com.rext.ParstagramUITests;
				PRODUCT_NAME = "$(TARGET_NAME)";
				SWIFT_EMIT_LOC_STRINGS = NO;
				SWIFT_VERSION = 5.0;
				TARGETED_DEVICE_FAMILY = "1,2";
				TEST_TARGET_NAME = Parstagram;
			};
			name = Release;
		};
/* End XCBuildConfiguration section */

/* Begin XCConfigurationList section */
		846B469B27EEB96B00EE53B4 /* Build configuration list for PBXProject "Parstagram" */ = {
			isa = XCConfigurationList;
			buildConfigurations = (
				846B46C827EEB96E00EE53B4 /* Debug */,
				846B46C927EEB96E00EE53B4 /* Release */,
			);
			defaultConfigurationIsVisible = 0;
			defaultConfigurationName = Release;
		};
		846B46CA27EEB96E00EE53B4 /* Build configuration list for PBXNativeTarget "Parstagram" */ = {
			isa = XCConfigurationList;
			buildConfigurations = (
				846B46CB27EEB96E00EE53B4 /* Debug */,
				846B46CC27EEB96E00EE53B4 /* Release */,
			);
			defaultConfigurationIsVisible = 0;
			defaultConfigurationName = Release;
		};
		846B46CD27EEB96E00EE53B4 /* Build configuration list for PBXNativeTarget "ParstagramTests" */ = {
			isa = XCConfigurationList;
			buildConfigurations = (
				846B46CE27EEB96E00EE53B4 /* Debug */,
				846B46CF27EEB96E00EE53B4 /* Release */,
			);
			defaultConfigurationIsVisible = 0;
			defaultConfigurationName = Release;
		};
		846B46D027EEB96E00EE53B4 /* Build configuration list for PBXNativeTarget "ParstagramUITests" */ = {
			isa = XCConfigurationList;
			buildConfigurations = (
				846B46D127EEB96E00EE53B4 /* Debug */,
				846B46D227EEB96E00EE53B4 /* Release */,
			);
			defaultConfigurationIsVisible = 0;
			defaultConfigurationName = Release;
		};
/* End XCConfigurationList section */
	};
	rootObject = 846B469827EEB96B00EE53B4 /* Project object */;
}
